{
  "name": "vellum",
  "lockfileVersion": 3,
  "requires": true,
  "packages": {
    "": {
      "name": "vellum",
      "workspaces": [
        "apps/*",
        "packages/*"
      ],
      "engines": {
        "node": ">=24.21.0 <25"
      }
    },
    "apps/api": {
      "name": "@vellum/api",
      "version": "0.0.0"
    },
    "apps/site": {
      "name": "@vellum/site",
      "version": "0.0.0"
    },
    "apps/web": {
      "name": "@vellum/web",
      "version": "0.0.0"
    },
    "node_modules/@vellum/api": {
      "resolved": "apps/api",
      "link": true
    },
    "node_modules/@vellum/auth": {
      "resolved": "packages/auth",
      "link": true
    },
    "node_modules/@vellum/config": {
      "resolved": "packages/config",
      "link": true
    },
    "node_modules/@vellum/contracts": {
      "resolved": "packages/contracts",
      "link": true
    },
    "node_modules/@vellum/domain": {
      "resolved": "packages/domain",
      "link": true
    },
    "node_modules/@vellum/events": {
      "resolved": "packages/events",
      "link": true
    },
    "node_modules/@vellum/evidence": {
      "resolved": "packages/evidence",
      "link": true
    },
    "node_modules/@vellum/gis": {
      "resolved": "packages/gis",
      "link": true
    },
    "node_modules/@vellum/observability": {
      "resolved": "packages/observability",
      "link": true
    },
    "node_modules/@vellum/site": {
      "resolved": "apps/site",
      "link": true
    },
    "node_modules/@vellum/testing": {
      "resolved": "packages/testing",
      "link": true
    },
    "node_modules/@vellum/web": {
      "resolved": "apps/web",
      "link": true
    },
    "packages/auth": {
      "name": "@vellum/auth",
      "version": "0.0.0"
    },
    "packages/config": {
      "name": "@vellum/config",
      "version": "0.0.0"
    },
    "packages/contracts": {
      "name": "@vellum/contracts",
      "version": "0.0.0"
    },
    "packages/domain": {
      "name": "@vellum/domain",
      "version": "0.0.0"
    },
    "packages/events": {
      "name": "@vellum/events",
      "version": "0.0.0"
    },
    "packages/evidence": {
      "name": "@vellum/evidence",
      "version": "0.0.0"
    },
    "packages/gis": {
      "name": "@vellum/gis",
      "version": "0.0.0"
    },
    "packages/observability": {
      "name": "@vellum/observability",
      "version": "0.0.0"
    },
    "packages/testing": {
      "name": "@vellum/testing",
      "version": "0.0.0"
    }
  }
}
